{
  "lockfile_version": "1",
  "packages": {
    "bun@1.1": {
      "last_modified": "2024-11-26T10:33:56Z",
      "resolved": "github:NixOS/nixpkgs/af51545ec9a44eadf3fe3547610a5cdd882bc34e#bun",
      "source": "devbox-search",
      "version": "1.1.34",
      "systems": {
        "aarch64-darwin": {
          "outputs": [
            {
              "name": "out",
              "path": "/nix/store/0hxh6hmzkpg56l11vsnyb287jynhf5f4-bun-1.1.34",
              "default": true
            }
          ],
          "store_path": "/nix/store/0hxh6hmzkpg56l11vsnyb287jynhf5f4-bun-1.1.34"
        },
        "aarch64-linux": {
          "outputs": [
            {
              "name": "out",
              "path": "/nix/store/dyxydqn8j83z5y45bxcx2haz7kzpwsi2-bun-1.1.34",
              "default": true
            }
          ],
          "store_path": "/nix/store/dyxydqn8j83z5y45bxcx2haz7kzpwsi2-bun-1.1.34"
        },
        "x86_64-darwin": {
          "outputs": [
            {
              "name": "out",
              "path": "/nix/store/fn9h6y3v8il2yax5pm965lacxzj8pq9q-bun-1.1.34",
              "default": true
            }
          ],
          "store_path": "/nix/store/fn9h6y3v8il2yax5pm965lacxzj8pq9q-bun-1.1.34"
        },
        "x86_64-linux": {
          "outputs": [
            {
              "name": "out",
              "path": "/nix/store/mzk71frmsppga4i7sz7ca3r9wxv8slx9-bun-1.1.34",
              "default": true
            }
          ],
          "store_path": "/nix/store/mzk71frmsppga4i7sz7ca3r9wxv8slx9-bun-1.1.34"
        }
      }
    }
  }
}
